
Microsoft Visual Studio Solution File, Format Version 12.00
# Visual Studio Version 16
VisualStudioVersion = 16.6.30114.105
MinimumVisualStudioVersion = 10.0.40219.1
Project("{9A19103F-16F7-4668-BE54-9A1E7A4F7556}") = "R5T.D0064.Construction", "R5T.D0064.Construction\R5T.D0064.Construction.csproj", "{DF87CDAD-9CFE-428B-A546-125513F89328}"
EndProject
Project("{9A19103F-16F7-4668-BE54-9A1E7A4F7556}") = "R5T.D0064.Base", "R5T.D0064.Base\R5T.D0064.Base.csproj", "{244F946B-7CBC-4434-821D-1303C34C226F}"
EndProject
Project("{9A19103F-16F7-4668-BE54-9A1E7A4F7556}") = "R5T.D0064.Default", "R5T.D0064.Default\R5T.D0064.Default.csproj", "{EE315AD0-2663-4D5C-B491-AF7A6C65A310}"
EndProject
Project("{2150E333-8FDC-42A3-9474-1A3956D46DE8}") = "_Dependencies", "_Dependencies", "{BC404C7B-83DA-4147-8346-067FC32B5045}"
EndProject
Project("{9A19103F-16F7-4668-BE54-9A1E7A4F7556}") = "R5T.L0010", "..\..\R5T.L0010\source\R5T.L0010\R5T.L0010.csproj", "{36DCA470-00F2-4730-A71D-E64BBD539AE7}"
EndProject
Project("{9A19103F-16F7-4668-BE54-9A1E7A4F7556}") = "R5T.D0064.Extensions", "R5T.D0064.Extensions\R5T.D0064.Extensions.csproj", "{D72B634C-4F8D-4477-B670-6AC4FC4578B0}"
EndProject
Project("{9A19103F-16F7-4668-BE54-9A1E7A4F7556}") = "R5T.L0010.Extensions", "..\..\R5T.L0010\source\R5T.L0010.Extensions\R5T.L0010.Extensions.csproj", "{D4F740DB-75BC-4DEF-BAB4-53E5C84968E5}"
EndProject
Project("{9A19103F-16F7-4668-BE54-9A1E7A4F7556}") = "R5T.D0062.Base", "..\..\R5T.D0062\source\R5T.D0062.Base\R5T.D0062.Base.csproj", "{25F4AD6A-4374-4F69-9B16-B0B806EE9562}"
EndProject
Project("{9A19103F-16F7-4668-BE54-9A1E7A4F7556}") = "R5T.D0062.Extensions", "..\..\R5T.D0062\source\R5T.D0062.Extensions\R5T.D0062.Extensions.csproj", "{D54E3F10-CB31-4F38-B500-840AEBDFB24D}"
EndProject
Project("{9A19103F-16F7-4668-BE54-9A1E7A4F7556}") = "R5T.T0019", "..\..\R5T.T0019\source\R5T.T0019\R5T.T0019.csproj", "{21EB8E27-9352-4BBF-89B9-D58F895DC944}"
EndProject
Project("{9A19103F-16F7-4668-BE54-9A1E7A4F7556}") = "R5T.Magyar", "..\..\R5T.Magyar\source\R5T.Magyar\R5T.Magyar.csproj", "{C5CF5AFF-3DCF-4785-9220-0790509C8C05}"
EndProject
Project("{9A19103F-16F7-4668-BE54-9A1E7A4F7556}") = "R5T.Lombardy.Base", "..\..\R5T.Lombardy.Base\source\R5T.Lombardy.Base\R5T.Lombardy.Base.csproj", "{D2B6A3CD-C0E3-42DB-9B6B-443D2DE4769D}"
EndProject
Project("{9A19103F-16F7-4668-BE54-9A1E7A4F7556}") = "R5T.D0068.Base", "..\..\R5T.D0068\source\R5T.D0068.Base\R5T.D0068.Base.csproj", "{188A6D43-0DB0-472E-96CC-F14AFB279188}"
EndProject
Project("{9A19103F-16F7-4668-BE54-9A1E7A4F7556}") = "R5T.Dacia", "..\..\R5T.Dacia\source\R5T.Dacia\R5T.Dacia.csproj", "{C5FB2F40-7281-4BE2-AB09-D95D28817568}"
EndProject
Project("{9A19103F-16F7-4668-BE54-9A1E7A4F7556}") = "R5T.Dacia.Extensions", "..\..\R5T.Dacia.Extensions\source\R5T.Dacia.Extensions\R5T.Dacia.Extensions.csproj", "{A21DB993-E5B9-484D-A926-7FE27C9FCFD7}"
EndProject
Project("{9A19103F-16F7-4668-BE54-9A1E7A4F7556}") = "R5T.T0064", "..\..\R5T.T0064\source\R5T.T0064\R5T.T0064.csproj", "{7E79F73D-582B-4776-B697-BBDC393D7EC3}"
EndProject
Global
	GlobalSection(SolutionConfigurationPlatforms) = preSolution
		Debug|Any CPU = Debug|Any CPU
		Debug|x64 = Debug|x64
		Debug|x86 = Debug|x86
		Release|Any CPU = Release|Any CPU
		Release|x64 = Release|x64
		Release|x86 = Release|x86
	EndGlobalSection
	GlobalSection(ProjectConfigurationPlatforms) = postSolution
		{DF87CDAD-9CFE-428B-A546-125513F89328}.Debug|Any CPU.ActiveCfg = Debug|Any CPU
		{DF87CDAD-9CFE-428B-A546-125513F89328}.Debug|Any CPU.Build.0 = Debug|Any CPU
		{DF87CDAD-9CFE-428B-A546-125513F89328}.Debug|x64.ActiveCfg = Debug|Any CPU
		{DF87CDAD-9CFE-428B-A546-125513F89328}.Debug|x64.Build.0 = Debug|Any CPU
		{DF87CDAD-9CFE-428B-A546-125513F89328}.Debug|x86.ActiveCfg = Debug|Any CPU
		{DF87CDAD-9CFE-428B-A546-125513F89328}.Debug|x86.Build.0 = Debug|Any CPU
		{DF87CDAD-9CFE-428B-A546-125513F89328}.Release|Any CPU.ActiveCfg = Release|Any CPU
		{DF87CDAD-9CFE-428B-A546-125513F89328}.Release|Any CPU.Build.0 = Release|Any CPU
		{DF87CDAD-9CFE-428B-A546-125513F89328}.Release|x64.ActiveCfg = Release|Any CPU
		{DF87CDAD-9CFE-428B-A546-125513F89328}.Release|x64.Build.0 = Release|Any CPU
		{DF87CDAD-9CFE-428B-A546-125513F89328}.Release|x86.ActiveCfg = Release|Any CPU
		{DF87CDAD-9CFE-428B-A546-125513F89328}.Release|x86.Build.0 = Release|Any CPU
		{244F946B-7CBC-4434-821D-1303C34C226F}.Debug|Any CPU.ActiveCfg = Debug|Any CPU
		{244F946B-7CBC-4434-821D-1303C34C226F}.Debug|Any CPU.Build.0 = Debug|Any CPU
		{244F946B-7CBC-4434-821D-1303C34C226F}.Debug|x64.ActiveCfg = Debug|Any CPU
		{244F946B-7CBC-4434-821D-1303C34C226F}.Debug|x64.Build.0 = Debug|Any CPU
		{244F946B-7CBC-4434-821D-1303C34C226F}.Debug|x86.ActiveCfg = Debug|Any CPU
		{244F946B-7CBC-4434-821D-1303C34C226F}.Debug|x86.Build.0 = Debug|Any CPU
		{244F946B-7CBC-4434-821D-1303C34C226F}.Release|Any CPU.ActiveCfg = Release|Any CPU
		{244F946B-7CBC-4434-821D-1303C34C226F}.Release|Any CPU.Build.0 = Release|Any CPU
		{244F946B-7CBC-4434-821D-1303C34C226F}.Release|x64.ActiveCfg = Release|Any CPU
		{244F946B-7CBC-4434-821D-1303C34C226F}.Release|x64.Build.0 = Release|Any CPU
		{244F946B-7CBC-4434-821D-1303C34C226F}.Release|x86.ActiveCfg = Release|Any CPU
		{244F946B-7CBC-4434-821D-1303C34C226F}.Release|x86.Build.0 = Release|Any CPU
		{EE315AD0-2663-4D5C-B491-AF7A6C65A310}.Debug|Any CPU.ActiveCfg = Debug|Any CPU
		{EE315AD0-2663-4D5C-B491-AF7A6C65A310}.Debug|Any CPU.Build.0 = Debug|Any CPU
		{EE315AD0-2663-4D5C-B491-AF7A6C65A310}.Debug|x64.ActiveCfg = Debug|Any CPU
		{EE315AD0-2663-4D5C-B491-AF7A6C65A310}.Debug|x64.Build.0 = Debug|Any CPU
		{EE315AD0-2663-4D5C-B491-AF7A6C65A310}.Debug|x86.ActiveCfg = Debug|Any CPU
		{EE315AD0-2663-4D5C-B491-AF7A6C65A310}.Debug|x86.Build.0 = Debug|Any CPU
		{EE315AD0-2663-4D5C-B491-AF7A6C65A310}.Release|Any CPU.ActiveCfg = Release|Any CPU
		{EE315AD0-2663-4D5C-B491-AF7A6C65A310}.Release|Any CPU.Build.0 = Release|Any CPU
		{EE315AD0-2663-4D5C-B491-AF7A6C65A310}.Release|x64.ActiveCfg = Release|Any CPU
		{EE315AD0-2663-4D5C-B491-AF7A6C65A310}.Release|x64.Build.0 = Release|Any CPU
		{EE315AD0-2663-4D5C-B491-AF7A6C65A310}.Release|x86.ActiveCfg = Release|Any CPU
		{EE315AD0-2663-4D5C-B491-AF7A6C65A310}.Release|x86.Build.0 = Release|Any CPU
		{36DCA470-00F2-4730-A71D-E64BBD539AE7}.Debug|Any CPU.ActiveCfg = Debug|Any CPU
		{36DCA470-00F2-4730-A71D-E64BBD539AE7}.Debug|Any CPU.Build.0 = Debug|Any CPU
		{36DCA470-00F2-4730-A71D-E64BBD539AE7}.Debug|x64.ActiveCfg = Debug|Any CPU
		{36DCA470-00F2-4730-A71D-E64BBD539AE7}.Debug|x64.Build.0 = Debug|Any CPU
		{36DCA470-00F2-4730-A71D-E64BBD539AE7}.Debug|x86.ActiveCfg = Debug|Any CPU
		{36DCA470-00F2-4730-A71D-E64BBD539AE7}.Debug|x86.Build.0 = Debug|Any CPU
		{36DCA470-00F2-4730-A71D-E64BBD539AE7}.Release|Any CPU.ActiveCfg = Release|Any CPU
		{36DCA470-00F2-4730-A71D-E64BBD539AE7}.Release|Any CPU.Build.0 = Release|Any CPU
		{36DCA470-00F2-4730-A71D-E64BBD539AE7}.Release|x64.ActiveCfg = Release|Any CPU
		{36DCA470-00F2-4730-A71D-E64BBD539AE7}.Release|x64.Build.0 = Release|Any CPU
		{36DCA470-00F2-4730-A71D-E64BBD539AE7}.Release|x86.ActiveCfg = Release|Any CPU
		{36DCA470-00F2-4730-A71D-E64BBD539AE7}.Release|x86.Build.0 = Release|Any CPU
		{D72B634C-4F8D-4477-B670-6AC4FC4578B0}.Debug|Any CPU.ActiveCfg = Debug|Any CPU
		{D72B634C-4F8D-4477-B670-6AC4FC4578B0}.Debug|Any CPU.Build.0 = Debug|Any CPU
		{D72B634C-4F8D-4477-B670-6AC4FC4578B0}.Debug|x64.ActiveCfg = Debug|Any CPU
		{D72B634C-4F8D-4477-B670-6AC4FC4578B0}.Debug|x64.Build.0 = Debug|Any CPU
		{D72B634C-4F8D-4477-B670-6AC4FC4578B0}.Debug|x86.ActiveCfg = Debug|Any CPU
		{D72B634C-4F8D-4477-B670-6AC4FC4578B0}.Debug|x86.Build.0 = Debug|Any CPU
		{D72B634C-4F8D-4477-B670-6AC4FC4578B0}.Release|Any CPU.ActiveCfg = Release|Any CPU
		{D72B634C-4F8D-4477-B670-6AC4FC4578B0}.Release|Any CPU.Build.0 = Release|Any CPU
		{D72B634C-4F8D-4477-B670-6AC4FC4578B0}.Release|x64.ActiveCfg = Release|Any CPU
		{D72B634C-4F8D-4477-B670-6AC4FC4578B0}.Release|x64.Build.0 = Release|Any CPU
		{D72B634C-4F8D-4477-B670-6AC4FC4578B0}.Release|x86.ActiveCfg = Release|Any CPU
		{D72B634C-4F8D-4477-B670-6AC4FC4578B0}.Release|x86.Build.0 = Release|Any CPU
		{D4F740DB-75BC-4DEF-BAB4-53E5C84968E5}.Debug|Any CPU.ActiveCfg = Debug|Any CPU
		{D4F740DB-75BC-4DEF-BAB4-53E5C84968E5}.Debug|Any CPU.Build.0 = Debug|Any CPU
		{D4F740DB-75BC-4DEF-BAB4-53E5C84968E5}.Debug|x64.ActiveCfg = Debug|Any CPU
		{D4F740DB-75BC-4DEF-BAB4-53E5C84968E5}.Debug|x64.Build.0 = Debug|Any CPU
		{D4F740DB-75BC-4DEF-BAB4-53E5C84968E5}.Debug|x86.ActiveCfg = Debug|Any CPU
		{D4F740DB-75BC-4DEF-BAB4-53E5C84968E5}.Debug|x86.Build.0 = Debug|Any CPU
		{D4F740DB-75BC-4DEF-BAB4-53E5C84968E5}.Release|Any CPU.ActiveCfg = Release|Any CPU
		{D4F740DB-75BC-4DEF-BAB4-53E5C84968E5}.Release|Any CPU.Build.0 = Release|Any CPU
		{D4F740DB-75BC-4DEF-BAB4-53E5C84968E5}.Release|x64.ActiveCfg = Release|Any CPU
		{D4F740DB-75BC-4DEF-BAB4-53E5C84968E5}.Release|x64.Build.0 = Release|Any CPU
		{D4F740DB-75BC-4DEF-BAB4-53E5C84968E5}.Release|x86.ActiveCfg = Release|Any CPU
		{D4F740DB-75BC-4DEF-BAB4-53E5C84968E5}.Release|x86.Build.0 = Release|Any CPU
		{25F4AD6A-4374-4F69-9B16-B0B806EE9562}.Debug|Any CPU.ActiveCfg = Debug|Any CPU
		{25F4AD6A-4374-4F69-9B16-B0B806EE9562}.Debug|Any CPU.Build.0 = Debug|Any CPU
		{25F4AD6A-4374-4F69-9B16-B0B806EE9562}.Debug|x64.ActiveCfg = Debug|Any CPU
		{25F4AD6A-4374-4F69-9B16-B0B806EE9562}.Debug|x64.Build.0 = Debug|Any CPU
		{25F4AD6A-4374-4F69-9B16-B0B806EE9562}.Debug|x86.ActiveCfg = Debug|Any CPU
		{25F4AD6A-4374-4F69-9B16-B0B806EE9562}.Debug|x86.Build.0 = Debug|Any CPU
		{25F4AD6A-4374-4F69-9B16-B0B806EE9562}.Release|Any CPU.ActiveCfg = Release|Any CPU
		{25F4AD6A-4374-4F69-9B16-B0B806EE9562}.Release|Any CPU.Build.0 = Release|Any CPU
		{25F4AD6A-4374-4F69-9B16-B0B806EE9562}.Release|x64.ActiveCfg = Release|Any CPU
		{25F4AD6A-4374-4F69-9B16-B0B806EE9562}.Release|x64.Build.0 = Release|Any CPU
		{25F4AD6A-4374-4F69-9B16-B0B806EE9562}.Release|x86.ActiveCfg = Release|Any CPU
		{25F4AD6A-4374-4F69-9B16-B0B806EE9562}.Release|x86.Build.0 = Release|Any CPU
		{D54E3F10-CB31-4F38-B500-840AEBDFB24D}.Debug|Any CPU.ActiveCfg = Debug|Any CPU
		{D54E3F10-CB31-4F38-B500-840AEBDFB24D}.Debug|Any CPU.Build.0 = Debug|Any CPU
		{D54E3F10-CB31-4F38-B500-840AEBDFB24D}.Debug|x64.ActiveCfg = Debug|Any CPU
		{D54E3F10-CB31-4F38-B500-840AEBDFB24D}.Debug|x64.Build.0 = Debug|Any CPU
		{D54E3F10-CB31-4F38-B500-840AEBDFB24D}.Debug|x86.ActiveCfg = Debug|Any CPU
		{D54E3F10-CB31-4F38-B500-840AEBDFB24D}.Debug|x86.Build.0 = Debug|Any CPU
		{D54E3F10-CB31-4F38-B500-840AEBDFB24D}.Release|Any CPU.ActiveCfg = Release|Any CPU
		{D54E3F10-CB31-4F38-B500-840AEBDFB24D}.Release|Any CPU.Build.0 = Release|Any CPU
		{D54E3F10-CB31-4F38-B500-840AEBDFB24D}.Release|x64.ActiveCfg = Release|Any CPU
		{D54E3F10-CB31-4F38-B500-840AEBDFB24D}.Release|x64.Build.0 = Release|Any CPU
		{D54E3F10-CB31-4F38-B500-840AEBDFB24D}.Release|x86.ActiveCfg = Release|Any CPU
		{D54E3F10-CB31-4F38-B500-840AEBDFB24D}.Release|x86.Build.0 = Release|Any CPU
		{21EB8E27-9352-4BBF-89B9-D58F895DC944}.Debug|Any CPU.ActiveCfg = Debug|Any CPU
		{21EB8E27-9352-4BBF-89B9-D58F895DC944}.Debug|Any CPU.Build.0 = Debug|Any CPU
		{21EB8E27-9352-4BBF-89B9-D58F895DC944}.Debug|x64.ActiveCfg = Debug|Any CPU
		{21EB8E27-9352-4BBF-89B9-D58F895DC944}.Debug|x64.Build.0 = Debug|Any CPU
		{21EB8E27-9352-4BBF-89B9-D58F895DC944}.Debug|x86.ActiveCfg = Debug|Any CPU
		{21EB8E27-9352-4BBF-89B9-D58F895DC944}.Debug|x86.Build.0 = Debug|Any CPU
		{21EB8E27-9352-4BBF-89B9-D58F895DC944}.Release|Any CPU.ActiveCfg = Release|Any CPU
		{21EB8E27-9352-4BBF-89B9-D58F895DC944}.Release|Any CPU.Build.0 = Release|Any CPU
		{21EB8E27-9352-4BBF-89B9-D58F895DC944}.Release|x64.ActiveCfg = Release|Any CPU
		{21EB8E27-9352-4BBF-89B9-D58F895DC944}.Release|x64.Build.0 = Release|Any CPU
		{21EB8E27-9352-4BBF-89B9-D58F895DC944}.Release|x86.ActiveCfg = Release|Any CPU
		{21EB8E27-9352-4BBF-89B9-D58F895DC944}.Release|x86.Build.0 = Release|Any CPU
		{C5CF5AFF-3DCF-4785-9220-0790509C8C05}.Debug|Any CPU.ActiveCfg = Debug|Any CPU
		{C5CF5AFF-3DCF-4785-9220-0790509C8C05}.Debug|Any CPU.Build.0 = Debug|Any CPU
		{C5CF5AFF-3DCF-4785-9220-0790509C8C05}.Debug|x64.ActiveCfg = Debug|Any CPU
		{C5CF5AFF-3DCF-4785-9220-0790509C8C05}.Debug|x64.Build.0 = Debug|Any CPU
		{C5CF5AFF-3DCF-4785-9220-0790509C8C05}.Debug|x86.ActiveCfg = Debug|Any CPU
		{C5CF5AFF-3DCF-4785-9220-0790509C8C05}.Debug|x86.Build.0 = Debug|Any CPU
		{C5CF5AFF-3DCF-4785-9220-0790509C8C05}.Release|Any CPU.ActiveCfg = Release|Any CPU
		{C5CF5AFF-3DCF-4785-9220-0790509C8C05}.Release|Any CPU.Build.0 = Release|Any CPU
		{C5CF5AFF-3DCF-4785-9220-0790509C8C05}.Release|x64.ActiveCfg = Release|Any CPU
		{C5CF5AFF-3DCF-4785-9220-0790509C8C05}.Release|x64.Build.0 = Release|Any CPU
		{C5CF5AFF-3DCF-4785-9220-0790509C8C05}.Release|x86.ActiveCfg = Release|Any CPU
		{C5CF5AFF-3DCF-4785-9220-0790509C8C05}.Release|x86.Build.0 = Release|Any CPU
		{D2B6A3CD-C0E3-42DB-9B6B-443D2DE4769D}.Debug|Any CPU.ActiveCfg = Debug|Any CPU
		{D2B6A3CD-C0E3-42DB-9B6B-443D2DE4769D}.Debug|Any CPU.Build.0 = Debug|Any CPU
		{D2B6A3CD-C0E3-42DB-9B6B-443D2DE4769D}.Debug|x64.ActiveCfg = Debug|Any CPU
		{D2B6A3CD-C0E3-42DB-9B6B-443D2DE4769D}.Debug|x64.Build.0 = Debug|Any CPU
		{D2B6A3CD-C0E3-42DB-9B6B-443D2DE4769D}.Debug|x86.ActiveCfg = Debug|Any CPU
		{D2B6A3CD-C0E3-42DB-9B6B-443D2DE4769D}.Debug|x86.Build.0 = Debug|Any CPU
		{D2B6A3CD-C0E3-42DB-9B6B-443D2DE4769D}.Release|Any CPU.ActiveCfg = Release|Any CPU
		{D2B6A3CD-C0E3-42DB-9B6B-443D2DE4769D}.Release|Any CPU.Build.0 = Release|Any CPU
		{D2B6A3CD-C0E3-42DB-9B6B-443D2DE4769D}.Release|x64.ActiveCfg = Release|Any CPU
		{D2B6A3CD-C0E3-42DB-9B6B-443D2DE4769D}.Release|x64.Build.0 = Release|Any CPU
		{D2B6A3CD-C0E3-42DB-9B6B-443D2DE4769D}.Release|x86.ActiveCfg = Release|Any CPU
		{D2B6A3CD-C0E3-42DB-9B6B-443D2DE4769D}.Release|x86.Build.0 = Release|Any CPU
		{188A6D43-0DB0-472E-96CC-F14AFB279188}.Debug|Any CPU.ActiveCfg = Debug|Any CPU
		{188A6D43-0DB0-472E-96CC-F14AFB279188}.Debug|Any CPU.Build.0 = Debug|Any CPU
		{188A6D43-0DB0-472E-96CC-F14AFB279188}.Debug|x64.ActiveCfg = Debug|Any CPU
		{188A6D43-0DB0-472E-96CC-F14AFB279188}.Debug|x64.Build.0 = Debug|Any CPU
		{188A6D43-0DB0-472E-96CC-F14AFB279188}.Debug|x86.ActiveCfg = Debug|Any CPU
		{188A6D43-0DB0-472E-96CC-F14AFB279188}.Debug|x86.Build.0 = Debug|Any CPU
		{188A6D43-0DB0-472E-96CC-F14AFB279188}.Release|Any CPU.ActiveCfg = Release|Any CPU
		{188A6D43-0DB0-472E-96CC-F14AFB279188}.Release|Any CPU.Build.0 = Release|Any CPU
		{188A6D43-0DB0-472E-96CC-F14AFB279188}.Release|x64.ActiveCfg = Release|Any CPU
		{188A6D43-0DB0-472E-96CC-F14AFB279188}.Release|x64.Build.0 = Release|Any CPU
		{188A6D43-0DB0-472E-96CC-F14AFB279188}.Release|x86.ActiveCfg = Release|Any CPU
		{188A6D43-0DB0-472E-96CC-F14AFB279188}.Release|x86.Build.0 = Release|Any CPU
		{C5FB2F40-7281-4BE2-AB09-D95D28817568}.Debug|Any CPU.ActiveCfg = Debug|Any CPU
		{C5FB2F40-7281-4BE2-AB09-D95D28817568}.Debug|Any CPU.Build.0 = Debug|Any CPU
		{C5FB2F40-7281-4BE2-AB09-D95D28817568}.Debug|x64.ActiveCfg = Debug|Any CPU
		{C5FB2F40-7281-4BE2-AB09-D95D28817568}.Debug|x64.Build.0 = Debug|Any CPU
		{C5FB2F40-7281-4BE2-AB09-D95D28817568}.Debug|x86.ActiveCfg = Debug|Any CPU
		{C5FB2F40-7281-4BE2-AB09-D95D28817568}.Debug|x86.Build.0 = Debug|Any CPU
		{C5FB2F40-7281-4BE2-AB09-D95D28817568}.Release|Any CPU.ActiveCfg = Release|Any CPU
		{C5FB2F40-7281-4BE2-AB09-D95D28817568}.Release|Any CPU.Build.0 = Release|Any CPU
		{C5FB2F40-7281-4BE2-AB09-D95D28817568}.Release|x64.ActiveCfg = Release|Any CPU
		{C5FB2F40-7281-4BE2-AB09-D95D28817568}.Release|x64.Build.0 = Release|Any CPU
		{C5FB2F40-7281-4BE2-AB09-D95D28817568}.Release|x86.ActiveCfg = Release|Any CPU
		{C5FB2F40-7281-4BE2-AB09-D95D28817568}.Release|x86.Build.0 = Release|Any CPU
		{A21DB993-E5B9-484D-A926-7FE27C9FCFD7}.Debug|Any CPU.ActiveCfg = Debug|Any CPU
		{A21DB993-E5B9-484D-A926-7FE27C9FCFD7}.Debug|Any CPU.Build.0 = Debug|Any CPU
		{A21DB993-E5B9-484D-A926-7FE27C9FCFD7}.Debug|x64.ActiveCfg = Debug|Any CPU
		{A21DB993-E5B9-484D-A926-7FE27C9FCFD7}.Debug|x64.Build.0 = Debug|Any CPU
		{A21DB993-E5B9-484D-A926-7FE27C9FCFD7}.Debug|x86.ActiveCfg = Debug|Any CPU
		{A21DB993-E5B9-484D-A926-7FE27C9FCFD7}.Debug|x86.Build.0 = Debug|Any CPU
		{A21DB993-E5B9-484D-A926-7FE27C9FCFD7}.Release|Any CPU.ActiveCfg = Release|Any CPU
		{A21DB993-E5B9-484D-A926-7FE27C9FCFD7}.Release|Any CPU.Build.0 = Release|Any CPU
		{A21DB993-E5B9-484D-A926-7FE27C9FCFD7}.Release|x64.ActiveCfg = Release|Any CPU
		{A21DB993-E5B9-484D-A926-7FE27C9FCFD7}.Release|x64.Build.0 = Release|Any CPU
		{A21DB993-E5B9-484D-A926-7FE27C9FCFD7}.Release|x86.ActiveCfg = Release|Any CPU
		{A21DB993-E5B9-484D-A926-7FE27C9FCFD7}.Release|x86.Build.0 = Release|Any CPU
		{7E79F73D-582B-4776-B697-BBDC393D7EC3}.Debug|Any CPU.ActiveCfg = Debug|Any CPU
		{7E79F73D-582B-4776-B697-BBDC393D7EC3}.Debug|Any CPU.Build.0 = Debug|Any CPU
		{7E79F73D-582B-4776-B697-BBDC393D7EC3}.Debug|x64.ActiveCfg = Debug|Any CPU
		{7E79F73D-582B-4776-B697-BBDC393D7EC3}.Debug|x64.Build.0 = Debug|Any CPU
		{7E79F73D-582B-4776-B697-BBDC393D7EC3}.Debug|x86.ActiveCfg = Debug|Any CPU
		{7E79F73D-582B-4776-B697-BBDC393D7EC3}.Debug|x86.Build.0 = Debug|Any CPU
		{7E79F73D-582B-4776-B697-BBDC393D7EC3}.Release|Any CPU.ActiveCfg = Release|Any CPU
		{7E79F73D-582B-4776-B697-BBDC393D7EC3}.Release|Any CPU.Build.0 = Release|Any CPU
		{7E79F73D-582B-4776-B697-BBDC393D7EC3}.Release|x64.ActiveCfg = Release|Any CPU
		{7E79F73D-582B-4776-B697-BBDC393D7EC3}.Release|x64.Build.0 = Release|Any CPU
		{7E79F73D-582B-4776-B697-BBDC393D7EC3}.Release|x86.ActiveCfg = Release|Any CPU
		{7E79F73D-582B-4776-B697-BBDC393D7EC3}.Release|x86.Build.0 = Release|Any CPU
	EndGlobalSection
	GlobalSection(SolutionProperties) = preSolution
		HideSolutionNode = FALSE
	EndGlobalSection
	GlobalSection(NestedProjects) = preSolution
		{36DCA470-00F2-4730-A71D-E64BBD539AE7} = {BC404C7B-83DA-4147-8346-067FC32B5045}
		{D4F740DB-75BC-4DEF-BAB4-53E5C84968E5} = {BC404C7B-83DA-4147-8346-067FC32B5045}
		{25F4AD6A-4374-4F69-9B16-B0B806EE9562} = {BC404C7B-83DA-4147-8346-067FC32B5045}
		{D54E3F10-CB31-4F38-B500-840AEBDFB24D} = {BC404C7B-83DA-4147-8346-067FC32B5045}
		{21EB8E27-9352-4BBF-89B9-D58F895DC944} = {BC404C7B-83DA-4147-8346-067FC32B5045}
		{C5CF5AFF-3DCF-4785-9220-0790509C8C05} = {BC404C7B-83DA-4147-8346-067FC32B5045}
		{D2B6A3CD-C0E3-42DB-9B6B-443D2DE4769D} = {BC404C7B-83DA-4147-8346-067FC32B5045}
		{188A6D43-0DB0-472E-96CC-F14AFB279188} = {BC404C7B-83DA-4147-8346-067FC32B5045}
		{C5FB2F40-7281-4BE2-AB09-D95D28817568} = {BC404C7B-83DA-4147-8346-067FC32B5045}
		{A21DB993-E5B9-484D-A926-7FE27C9FCFD7} = {BC404C7B-83DA-4147-8346-067FC32B5045}
		{7E79F73D-582B-4776-B697-BBDC393D7EC3} = {BC404C7B-83DA-4147-8346-067FC32B5045}
	EndGlobalSection
	GlobalSection(ExtensibilityGlobals) = postSolution
		SolutionGuid = {73648C43-C537-46DA-AF2A-007D2A4980DE}
	EndGlobalSection
EndGlobal
